
Microsoft Visual Studio Solution File, Format Version 12.00
# Visual Studio Version 17
VisualStudioVersion = 17.7.34202.233
MinimumVisualStudioVersion = 10.0.40219.1
Project("{FAE04EC0-301F-11D3-BF4B-00C04F79EFBC}") = "komod_lab1_etap1", "komod_lab1_etap1\komod_lab1_etap1.csproj", "{992A65B4-890F-4FE1-AAFA-6BB14722EDA8}"
EndProject
Global
	GlobalSection(SolutionConfigurationPlatforms) = preSolution
		Debug|Any CPU = Debug|Any CPU
		Release|Any CPU = Release|Any CPU
	EndGlobalSection
	GlobalSection(ProjectConfigurationPlatforms) = postSolution
		{992A65B4-890F-4FE1-AAFA-6BB14722EDA8}.Debug|Any CPU.ActiveCfg = Debug|Any CPU
		{992A65B4-890F-4FE1-AAFA-6BB14722EDA8}.Debug|Any CPU.Build.0 = Debug|Any CPU
		{992A65B4-890F-4FE1-AAFA-6BB14722EDA8}.Release|Any CPU.ActiveCfg = Release|Any CPU
		{992A65B4-890F-4FE1-AAFA-6BB14722EDA8}.Release|Any CPU.Build.0 = Release|Any CPU
	EndGlobalSection
	GlobalSection(SolutionProperties) = preSolution
		HideSolutionNode = FALSE
	EndGlobalSection
	GlobalSection(ExtensibilityGlobals) = postSolution
		SolutionGuid = {AB3CF771-D7B4-4A77-89F6-6E8686C214D3}
	EndGlobalSection
EndGlobal
